// !$*UTF8*$!
{
	archiveVersion = 1;
	classes = {
	};
	objectVersion = 56;
	objects = {

/* Begin PBXBuildFile section */
		AA0000010000000000000001 /* MyDictionaryApp.swift in Sources */ = {isa = PBXBuildFile; fileRef = AA0000020000000000000001 /* MyDictionaryApp.swift */; };
		AA0000030000000000000001 /* ContentView.swift in Sources */ = {isa = PBXBuildFile; fileRef = AA0000040000000000000001 /* ContentView.swift */; };
		AA0000050000000000000001 /* Assets.xcassets in Resources */ = {isa = PBXBuildFile; fileRef = AA0000060000000000000001 /* Assets.xcassets */; };
		AA0000070000000000000001 /* DictionaryService.swift in Sources */ = {isa = PBXBuildFile; fileRef = AA0000080000000000000001 /* DictionaryService.swift */; };
		AA0000090000000000000001 /* WordModel.swift in Sources */ = {isa = PBXBuildFile; fileRef = AA00000A0000000000000001 /* WordModel.swift */; };
		AA00000B0000000000000001 /* SearchViewModel.swift in Sources */ = {isa = PBXBuildFile; fileRef = AA00000C0000000000000001 /* SearchViewModel.swift */; };
		AA00000D0000000000000001 /* WordDetailView.swift in Sources */ = {isa = PBXBuildFile; fileRef = AA00000E0000000000000001 /* WordDetailView.swift */; };
		AA00000F0000000000000001 /* WordPopoverView.swift in Sources */ = {isa = PBXBuildFile; fileRef = AA0000100000000000000001 /* WordPopoverView.swift */; };
		AA0000110000000000000001 /* dictionary_data.json in Resources */ = {isa = PBXBuildFile; fileRef = AA0000120000000000000001 /* dictionary_data.json */; };
		AA0000130000000000000001 /* NavigationManager.swift in Sources */ = {isa = PBXBuildFile; fileRef = AA0000140000000000000001 /* NavigationManager.swift */; };
		AA0000150000000000000001 /* ClickableText.swift in Sources */ = {isa = PBXBuildFile; fileRef = AA0000160000000000000001 /* ClickableText.swift */; };
		AA00002B0000000000000001 /* words_alpha.txt in Resources */ = {isa = PBXBuildFile; fileRef = AA00002C0000000000000001 /* words_alpha.txt */; };
		AA00003A0000000000000001 /* SynonymDictionaryService.swift in Sources */ = {isa = PBXBuildFile; fileRef = AA00003B0000000000000001 /* SynonymDictionaryService.swift */; };
		AA00003C0000000000000001 /* HTMLContentView.swift in Sources */ = {isa = PBXBuildFile; fileRef = AA00003D0000000000000001 /* HTMLContentView.swift */; };
		AA00003E0000000000000001 /* easier_synonym_data.json in Resources */ = {isa = PBXBuildFile; fileRef = AA00003F0000000000000001 /* easier_synonym_data.json */; };
		AA0000400000000000000001 /* CollinsDictionaryService.swift in Sources */ = {isa = PBXBuildFile; fileRef = AA0000410000000000000001 /* CollinsDictionaryService.swift */; };
		AA0000420000000000000001 /* collins_dictionary_data.json in Resources */ = {isa = PBXBuildFile; fileRef = AA0000430000000000000001 /* collins_dictionary_data.json */; };
		AA0000440000000000000001 /* Collins English Dictionary 8th.mdx in Resources */ = {isa = PBXBuildFile; fileRef = AA0000450000000000000001 /* Collins English Dictionary 8th.mdx */; };
/* End PBXBuildFile section */

/* Begin PBXFileReference section */
		AA0000170000000000000001 /* MyDictionary.app */ = {isa = PBXFileReference; explicitFileType = wrapper.application; includeInIndex = 0; path = MyDictionary.app; sourceTree = BUILT_PRODUCTS_DIR; };
		AA0000020000000000000001 /* MyDictionaryApp.swift */ = {isa = PBXFileReference; lastKnownFileType = sourcecode.swift; path = MyDictionaryApp.swift; sourceTree = "<group>"; };
		AA0000040000000000000001 /* ContentView.swift */ = {isa = PBXFileReference; lastKnownFileType = sourcecode.swift; path = ContentView.swift; sourceTree = "<group>"; };
		AA0000060000000000000001 /* Assets.xcassets */ = {isa = PBXFileReference; lastKnownFileType = folder.assetcatalog; path = Assets.xcassets; sourceTree = "<group>"; };
		AA0000080000000000000001 /* DictionaryService.swift */ = {isa = PBXFileReference; lastKnownFileType = sourcecode.swift; path = DictionaryService.swift; sourceTree = "<group>"; };
		AA00000A0000000000000001 /* WordModel.swift */ = {isa = PBXFileReference; lastKnownFileType = sourcecode.swift; path = WordModel.swift; sourceTree = "<group>"; };
		AA00000C0000000000000001 /* SearchViewModel.swift */ = {isa = PBXFileReference; lastKnownFileType = sourcecode.swift; path = SearchViewModel.swift; sourceTree = "<group>"; };
		AA00000E0000000000000001 /* WordDetailView.swift */ = {isa = PBXFileReference; lastKnownFileType = sourcecode.swift; path = WordDetailView.swift; sourceTree = "<group>"; };
		AA0000100000000000000001 /* WordPopoverView.swift */ = {isa = PBXFileReference; lastKnownFileType = sourcecode.swift; path = WordPopoverView.swift; sourceTree = "<group>"; };
		AA0000120000000000000001 /* dictionary_data.json */ = {isa = PBXFileReference; lastKnownFileType = text.json; path = dictionary_data.json; sourceTree = "<group>"; };
		AA0000140000000000000001 /* NavigationManager.swift */ = {isa = PBXFileReference; lastKnownFileType = sourcecode.swift; path = NavigationManager.swift; sourceTree = "<group>"; };
		AA0000160000000000000001 /* ClickableText.swift */ = {isa = PBXFileReference; lastKnownFileType = sourcecode.swift; path = ClickableText.swift; sourceTree = "<group>"; };
		AA00002C0000000000000001 /* words_alpha.txt */ = {isa = PBXFileReference; lastKnownFileType = text; path = words_alpha.txt; sourceTree = "<group>"; };
		AA00003B0000000000000001 /* SynonymDictionaryService.swift */ = {isa = PBXFileReference; lastKnownFileType = sourcecode.swift; path = SynonymDictionaryService.swift; sourceTree = "<group>"; };
		AA00003D0000000000000001 /* HTMLContentView.swift */ = {isa = PBXFileReference; lastKnownFileType = sourcecode.swift; path = HTMLContentView.swift; sourceTree = "<group>"; };
		AA00003F0000000000000001 /* easier_synonym_data.json */ = {isa = PBXFileReference; lastKnownFileType = text.json; path = easier_synonym_data.json; sourceTree = "<group>"; };
		AA0000410000000000000001 /* CollinsDictionaryService.swift */ = {isa = PBXFileReference; lastKnownFileType = sourcecode.swift; path = CollinsDictionaryService.swift; sourceTree = "<group>"; };
		AA0000430000000000000001 /* collins_dictionary_data.json */ = {isa = PBXFileReference; lastKnownFileType = text.json; path = collins_dictionary_data.json; sourceTree = "<group>"; };
		AA0000450000000000000001 /* Collins English Dictionary 8th.mdx */ = {isa = PBXFileReference; lastKnownFileType = file; path = "Collins English Dictionary 8th.mdx"; sourceTree = "<group>"; };
/* End PBXFileReference section */

/* Begin PBXFrameworksBuildPhase section */
		AA0000180000000000000001 /* Frameworks */ = {
			isa = PBXFrameworksBuildPhase;
			buildActionMask = 2147483647;
			files = (
			);
			runOnlyForDeploymentPostprocessing = 0;
		};
/* End PBXFrameworksBuildPhase section */

/* Begin PBXGroup section */
		AA0000190000000000000001 = {
			isa = PBXGroup;
			children = (
				AA00001A0000000000000001 /* MyDictionary */,
				AA00001B0000000000000001 /* Products */,
			);
			sourceTree = "<group>";
		};
		AA00001A0000000000000001 /* MyDictionary */ = {
			isa = PBXGroup;
			children = (
				AA0000020000000000000001 /* MyDictionaryApp.swift */,
				AA0000040000000000000001 /* ContentView.swift */,
				AA00001C0000000000000001 /* Models */,
				AA00001D0000000000000001 /* Services */,
				AA00001E0000000000000001 /* ViewModels */,
				AA00001F0000000000000001 /* Views */,
				AA0000200000000000000001 /* Resources */,
				AA0000060000000000000001 /* Assets.xcassets */,
			);
			path = MyDictionary;
			sourceTree = "<group>";
		};
		AA00001B0000000000000001 /* Products */ = {
			isa = PBXGroup;
			children = (
				AA0000170000000000000001 /* MyDictionary.app */,
			);
			name = Products;
			sourceTree = "<group>";
		};
		AA00001C0000000000000001 /* Models */ = {
			isa = PBXGroup;
			children = (
				AA00000A0000000000000001 /* WordModel.swift */,
			);
			path = Models;
			sourceTree = "<group>";
		};
		AA00001D0000000000000001 /* Services */ = {
			isa = PBXGroup;
			children = (
				AA0000080000000000000001 /* DictionaryService.swift */,
				AA0000140000000000000001 /* NavigationManager.swift */,
				AA00003B0000000000000001 /* SynonymDictionaryService.swift */,
				AA0000410000000000000001 /* CollinsDictionaryService.swift */,
			);
			path = Services;
			sourceTree = "<group>";
		};
		AA00001E0000000000000001 /* ViewModels */ = {
			isa = PBXGroup;
			children = (
				AA00000C0000000000000001 /* SearchViewModel.swift */,
			);
			path = ViewModels;
			sourceTree = "<group>";
		};
		AA00001F0000000000000001 /* Views */ = {
			isa = PBXGroup;
			children = (
				AA00000E0000000000000001 /* WordDetailView.swift */,
				AA0000100000000000000001 /* WordPopoverView.swift */,
				AA0000160000000000000001 /* ClickableText.swift */,
				AA00003D0000000000000001 /* HTMLContentView.swift */,
			);
			path = Views;
			sourceTree = "<group>";
		};
		AA0000200000000000000001 /* Resources */ = {
			isa = PBXGroup;
			children = (
				AA0000120000000000000001 /* dictionary_data.json */,
				AA00002C0000000000000001 /* words_alpha.txt */,
				AA00003F0000000000000001 /* easier_synonym_data.json */,
				AA0000430000000000000001 /* collins_dictionary_data.json */,
				AA0000450000000000000001 /* Collins English Dictionary 8th.mdx */,
			);
			path = Resources;
			sourceTree = "<group>";
		};
/* End PBXGroup section */

/* Begin PBXNativeTarget section */
		AA0000210000000000000001 /* MyDictionary */ = {
			isa = PBXNativeTarget;
			buildConfigurationList = AA0000220000000000000001 /* Build configuration list for PBXNativeTarget "MyDictionary" */;
			buildPhases = (
				AA0000230000000000000001 /* Sources */,
				AA0000180000000000000001 /* Frameworks */,
				AA0000240000000000000001 /* Resources */,
			);
			buildRules = (
			);
			dependencies = (
			);
			name = MyDictionary;
			productName = MyDictionary;
			productReference = AA0000170000000000000001 /* MyDictionary.app */;
			productType = "com.apple.product-type.application";
		};
/* End PBXNativeTarget section */

/* Begin PBXProject section */
		AA0000250000000000000001 /* Project object */ = {
			isa = PBXProject;
			attributes = {
				BuildIndependentTargetsInParallel = 1;
				LastSwiftUpdateCheck = 1500;
				LastUpgradeCheck = 1500;
				TargetAttributes = {
					AA0000210000000000000001 = {
						CreatedOnToolsVersion = 15.0;
					};
				};
			};
			buildConfigurationList = AA0000260000000000000001 /* Build configuration list for PBXProject "MyDictionary" */;
			compatibilityVersion = "Xcode 14.0";
			developmentRegion = en;
			hasScannedForEncodings = 0;
			knownRegions = (
				en,
				Base,
			);
			mainGroup = AA0000190000000000000001;
			productRefGroup = AA00001B0000000000000001 /* Products */;
			projectDirPath = "";
			projectRoot = "";
			targets = (
				AA0000210000000000000001 /* MyDictionary */,
			);
		};
/* End PBXProject section */

/* Begin PBXResourcesBuildPhase section */
		AA0000240000000000000001 /* Resources */ = {
			isa = PBXResourcesBuildPhase;
			buildActionMask = 2147483647;
			files = (
				AA0000050000000000000001 /* Assets.xcassets in Resources */,
				AA0000110000000000000001 /* dictionary_data.json in Resources */,
				AA00002B0000000000000001 /* words_alpha.txt in Resources */,
				AA00003E0000000000000001 /* easier_synonym_data.json in Resources */,
				AA0000420000000000000001 /* collins_dictionary_data.json in Resources */,
				AA0000440000000000000001 /* Collins English Dictionary 8th.mdx in Resources */,
			);
			runOnlyForDeploymentPostprocessing = 0;
		};
/* End PBXResourcesBuildPhase section */

/* Begin PBXSourcesBuildPhase section */
		AA0000230000000000000001 /* Sources */ = {
			isa = PBXSourcesBuildPhase;
			buildActionMask = 2147483647;
			files = (
				AA0000030000000000000001 /* ContentView.swift in Sources */,
				AA0000010000000000000001 /* MyDictionaryApp.swift in Sources */,
				AA0000070000000000000001 /* DictionaryService.swift in Sources */,
				AA0000090000000000000001 /* WordModel.swift in Sources */,
				AA00000B0000000000000001 /* SearchViewModel.swift in Sources */,
				AA00000D0000000000000001 /* WordDetailView.swift in Sources */,
				AA00000F0000000000000001 /* WordPopoverView.swift in Sources */,
				AA0000130000000000000001 /* NavigationManager.swift in Sources */,
				AA0000150000000000000001 /* ClickableText.swift in Sources */,
				AA00003A0000000000000001 /* SynonymDictionaryService.swift in Sources */,
				AA00003C0000000000000001 /* HTMLContentView.swift in Sources */,
				AA0000400000000000000001 /* CollinsDictionaryService.swift in Sources */,
			);
			runOnlyForDeploymentPostprocessing = 0;
		};
/* End PBXSourcesBuildPhase section */

/* Begin XCBuildConfiguration section */
		AA0000270000000000000001 /* Debug */ = {
			isa = XCBuildConfiguration;
			buildSettings = {
				ALWAYS_SEARCH_USER_PATHS = NO;
				ASSETCATALOG_COMPILER_GENERATE_SWIFT_ASSET_SYMBOL_EXTENSIONS = YES;
				CLANG_ANALYZER_NONNULL = YES;
				CLANG_ANALYZER_NUMBER_OBJECT_CONVERSION = YES_AGGRESSIVE;
				CLANG_CXX_LANGUAGE_STANDARD = "gnu++20";
				CLANG_ENABLE_MODULES = YES;
				CLANG_ENABLE_OBJC_ARC = YES;
				CLANG_ENABLE_OBJC_WEAK = YES;
				CLANG_WARN_BLOCK_CAPTURE_AUTORELEASING = YES;
				CLANG_WARN_BOOL_CONVERSION = YES;
				CLANG_WARN_COMMA = YES;
				CLANG_WARN_CONSTANT_CONVERSION = YES;
				CLANG_WARN_DEPRECATED_OBJC_IMPLEMENTATIONS = YES;
				CLANG_WARN_DIRECT_OBJC_ISA_USAGE = YES_ERROR;
				CLANG_WARN_DOCUMENTATION_COMMENTS = YES;
				CLANG_WARN_EMPTY_BODY = YES;
				CLANG_WARN_ENUM_CONVERSION = YES;
				CLANG_WARN_INFINITE_RECURSION = YES;
				CLANG_WARN_INT_CONVERSION = YES;
				CLANG_WARN_NON_LITERAL_NULL_CONVERSION = YES;
				CLANG_WARN_OBJC_IMPLICIT_RETAIN_SELF = YES;
				CLANG_WARN_OBJC_LITERAL_CONVERSION = YES;
				CLANG_WARN_OBJC_ROOT_CLASS = YES_ERROR;
				CLANG_WARN_QUOTED_INCLUDE_IN_FRAMEWORK_HEADER = YES;
				CLANG_WARN_RANGE_LOOP_ANALYSIS = YES;
				CLANG_WARN_STRICT_PROTOTYPES = YES;
				CLANG_WARN_SUSPICIOUS_MOVE = YES;
				CLANG_WARN_UNGUARDED_AVAILABILITY = YES_AGGRESSIVE;
				CLANG_WARN_UNREACHABLE_CODE = YES;
				CLANG_WARN__DUPLICATE_METHOD_MATCH = YES;
				COPY_PHASE_STRIP = NO;
				DEBUG_INFORMATION_FORMAT = dwarf;
				ENABLE_STRICT_OBJC_MSGSEND = YES;
				ENABLE_TESTABILITY = YES;
				ENABLE_USER_SCRIPT_SANDBOXING = YES;
				GCC_C_LANGUAGE_STANDARD = gnu17;
				GCC_DYNAMIC_NO_PIC = NO;
				GCC_NO_COMMON_BLOCKS = YES;
				GCC_OPTIMIZATION_LEVEL = 0;
				GCC_PREPROCESSOR_DEFINITIONS = (
					"DEBUG=1",
					"$(inherited)",
				);
				GCC_WARN_64_TO_32_BIT_CONVERSION = YES;
				GCC_WARN_ABOUT_RETURN_TYPE = YES_ERROR;
				GCC_WARN_UNDECLARED_SELECTOR = YES;
				GCC_WARN_UNINITIALIZED_AUTOS = YES_AGGRESSIVE;
				GCC_WARN_UNUSED_FUNCTION = YES;
				GCC_WARN_UNUSED_VARIABLE = YES;
				IPHONEOS_DEPLOYMENT_TARGET = 17.0;
				LOCALIZATION_PREFERS_STRING_CATALOGS = YES;
				MTL_ENABLE_DEBUG_INFO = INCLUDE_SOURCE;
				MTL_FAST_MATH = YES;
				ONLY_ACTIVE_ARCH = YES;
				SDKROOT = iphoneos;
				SWIFT_ACTIVE_COMPILATION_CONDITIONS = "DEBUG $(inherited)";
				SWIFT_OPTIMIZATION_LEVEL = "-Onone";
			};
			name = Debug;
		};
		AA0000280000000000000001 /* Release */ = {
			isa = XCBuildConfiguration;
			buildSettings = {
				ALWAYS_SEARCH_USER_PATHS = NO;
				ASSETCATALOG_COMPILER_GENERATE_SWIFT_ASSET_SYMBOL_EXTENSIONS = YES;
				CLANG_ANALYZER_NONNULL = YES;
				CLANG_ANALYZER_NUMBER_OBJECT_CONVERSION = YES_AGGRESSIVE;
				CLANG_CXX_LANGUAGE_STANDARD = "gnu++20";
				CLANG_ENABLE_MODULES = YES;
				CLANG_ENABLE_OBJC_ARC = YES;
				CLANG_ENABLE_OBJC_WEAK = YES;
				CLANG_WARN_BLOCK_CAPTURE_AUTORELEASING = YES;
				CLANG_WARN_BOOL_CONVERSION = YES;
				CLANG_WARN_COMMA = YES;
				CLANG_WARN_CONSTANT_CONVERSION = YES;
				CLANG_WARN_DEPRECATED_OBJC_IMPLEMENTATIONS = YES;
				CLANG_WARN_DIRECT_OBJC_ISA_USAGE = YES_ERROR;
				CLANG_WARN_DOCUMENTATION_COMMENTS = YES;
				CLANG_WARN_EMPTY_BODY = YES;
				CLANG_WARN_ENUM_CONVERSION = YES;
				CLANG_WARN_INFINITE_RECURSION = YES;
				CLANG_WARN_INT_CONVERSION = YES;
				CLANG_WARN_NON_LITERAL_NULL_CONVERSION = YES;
				CLANG_WARN_OBJC_IMPLICIT_RETAIN_SELF = YES;
				CLANG_WARN_OBJC_LITERAL_CONVERSION = YES;
				CLANG_WARN_OBJC_ROOT_CLASS = YES_ERROR;
				CLANG_WARN_QUOTED_INCLUDE_IN_FRAMEWORK_HEADER = YES;
				CLANG_WARN_RANGE_LOOP_ANALYSIS = YES;
				CLANG_WARN_STRICT_PROTOTYPES = YES;
				CLANG_WARN_SUSPICIOUS_MOVE = YES;
				CLANG_WARN_UNGUARDED_AVAILABILITY = YES_AGGRESSIVE;
				CLANG_WARN_UNREACHABLE_CODE = YES;
				CLANG_WARN__DUPLICATE_METHOD_MATCH = YES;
				COPY_PHASE_STRIP = NO;
				DEBUG_INFORMATION_FORMAT = "dwarf-with-dsym";
				ENABLE_NS_ASSERTIONS = NO;
				ENABLE_STRICT_OBJC_MSGSEND = YES;
				ENABLE_USER_SCRIPT_SANDBOXING = YES;
				GCC_C_LANGUAGE_STANDARD = gnu17;
				GCC_NO_COMMON_BLOCKS = YES;
				GCC_WARN_64_TO_32_BIT_CONVERSION = YES;
				GCC_WARN_ABOUT_RETURN_TYPE = YES_ERROR;
				GCC_WARN_UNDECLARED_SELECTOR = YES;
				GCC_WARN_UNINITIALIZED_AUTOS = YES_AGGRESSIVE;
				GCC_WARN_UNUSED_FUNCTION = YES;
				GCC_WARN_UNUSED_VARIABLE = YES;
				IPHONEOS_DEPLOYMENT_TARGET = 17.0;
				LOCALIZATION_PREFERS_STRING_CATALOGS = YES;
				MTL_ENABLE_DEBUG_INFO = NO;
				MTL_FAST_MATH = YES;
				SDKROOT = iphoneos;
				SWIFT_COMPILATION_MODE = wholemodule;
				VALIDATE_PRODUCT = YES;
			};
			name = Release;
		};
		AA0000290000000000000001 /* Debug */ = {
			isa = XCBuildConfiguration;
			buildSettings = {
				ASSETCATALOG_COMPILER_APPICON_NAME = AppIcon;
				ASSETCATALOG_COMPILER_GLOBAL_ACCENT_COLOR_NAME = AccentColor;
				CODE_SIGN_STYLE = Automatic;
				CURRENT_PROJECT_VERSION = 1;
				DEVELOPMENT_ASSET_PATHS = "";
				ENABLE_PREVIEWS = YES;
				GENERATE_INFOPLIST_FILE = YES;
				INFOPLIST_KEY_UIApplicationSceneManifest_Generation = YES;
				INFOPLIST_KEY_UIApplicationSupportsIndirectInputEvents = YES;
				INFOPLIST_KEY_UILaunchScreen_Generation = YES;
				INFOPLIST_KEY_UISupportedInterfaceOrientations_iPad = "UIInterfaceOrientationPortrait UIInterfaceOrientationPortraitUpsideDown UIInterfaceOrientationLandscapeLeft UIInterfaceOrientationLandscapeRight";
				INFOPLIST_KEY_UISupportedInterfaceOrientations_iPhone = "UIInterfaceOrientationPortrait UIInterfaceOrientationLandscapeLeft UIInterfaceOrientationLandscapeRight";
				LD_RUNPATH_SEARCH_PATHS = (
					"$(inherited)",
					"@executable_path/Frameworks",
				);
				MARKETING_VERSION = 1.0;
				PRODUCT_BUNDLE_IDENTIFIER = com.mydictionary.app;
				PRODUCT_NAME = "$(TARGET_NAME)";
				SWIFT_EMIT_LOC_STRINGS = YES;
				SWIFT_VERSION = 5.0;
				TARGETED_DEVICE_FAMILY = "1,2";
			};
			name = Debug;
		};
		AA00002A0000000000000001 /* Release */ = {
			isa = XCBuildConfiguration;
			buildSettings = {
				ASSETCATALOG_COMPILER_APPICON_NAME = AppIcon;
				ASSETCATALOG_COMPILER_GLOBAL_ACCENT_COLOR_NAME = AccentColor;
				CODE_SIGN_STYLE = Automatic;
				CURRENT_PROJECT_VERSION = 1;
				DEVELOPMENT_ASSET_PATHS = "";
				ENABLE_PREVIEWS = YES;
				GENERATE_INFOPLIST_FILE = YES;
				INFOPLIST_KEY_UIApplicationSceneManifest_Generation = YES;
				INFOPLIST_KEY_UIApplicationSupportsIndirectInputEvents = YES;
				INFOPLIST_KEY_UILaunchScreen_Generation = YES;
				INFOPLIST_KEY_UISupportedInterfaceOrientations_iPad = "UIInterfaceOrientationPortrait UIInterfaceOrientationPortraitUpsideDown UIInterfaceOrientationLandscapeLeft UIInterfaceOrientationLandscapeRight";
				INFOPLIST_KEY_UISupportedInterfaceOrientations_iPhone = "UIInterfaceOrientationPortrait UIInterfaceOrientationLandscapeLeft UIInterfaceOrientationLandscapeRight";
				LD_RUNPATH_SEARCH_PATHS = (
					"$(inherited)",
					"@executable_path/Frameworks",
				);
				MARKETING_VERSION = 1.0;
				PRODUCT_BUNDLE_IDENTIFIER = com.mydictionary.app;
				PRODUCT_NAME = "$(TARGET_NAME)";
				SWIFT_EMIT_LOC_STRINGS = YES;
				SWIFT_VERSION = 5.0;
				TARGETED_DEVICE_FAMILY = "1,2";
			};
			name = Release;
		};
/* End XCBuildConfiguration section */

/* Begin XCConfigurationList section */
		AA0000220000000000000001 /* Build configuration list for PBXNativeTarget "MyDictionary" */ = {
			isa = XCConfigurationList;
			buildConfigurations = (
				AA0000290000000000000001 /* Debug */,
				AA00002A0000000000000001 /* Release */,
			);
			defaultConfigurationIsVisible = 0;
			defaultConfigurationName = Release;
		};
		AA0000260000000000000001 /* Build configuration list for PBXProject "MyDictionary" */ = {
			isa = XCConfigurationList;
			buildConfigurations = (
				AA0000270000000000000001 /* Debug */,
				AA0000280000000000000001 /* Release */,
			);
			defaultConfigurationIsVisible = 0;
			defaultConfigurationName = Release;
		};
/* End XCConfigurationList section */
	};
	rootObject = AA0000250000000000000001 /* Project object */;
}
